
Microsoft Visual Studio Solution File, Format Version 12.00
# Visual Studio Version 16
VisualStudioVersion = 16.0.30413.136
MinimumVisualStudioVersion = 10.0.40219.1
Project("{FAE04EC0-301F-11D3-BF4B-00C04F79EFBC}") = "POS", "POS\POS.csproj", "{A1C5218C-E728-4E40-B53C-59AF99BCED40}"
EndProject
Project("{FAE04EC0-301F-11D3-BF4B-00C04F79EFBC}") = "POS.DAL", "POS.DAL\POS.DAL.csproj", "{D6532716-473F-449B-970D-C746B90C4837}"
EndProject
Project("{FAE04EC0-301F-11D3-BF4B-00C04F79EFBC}") = "POS.BAL", "POS.BAL\POS.BAL.csproj", "{2A1C489D-C34B-4090-9F7A-AB7559B726C8}"
EndProject
Project("{FAE04EC0-301F-11D3-BF4B-00C04F79EFBC}") = "POS.Utilities", "POS.Utilities\POS.Utilities.csproj", "{182179F1-9476-453F-9079-5C6F782EB06F}"
EndProject
Project("{FAE04EC0-301F-11D3-BF4B-00C04F79EFBC}") = "POS.Constants", "POS.Constants\POS.Constants.csproj", "{A69D7507-1F09-4FE4-9807-F6B61ED0C779}"
EndProject
Global
	GlobalSection(SolutionConfigurationPlatforms) = preSolution
		Debug|Any CPU = Debug|Any CPU
		Release|Any CPU = Release|Any CPU
	EndGlobalSection
	GlobalSection(ProjectConfigurationPlatforms) = postSolution
		{A1C5218C-E728-4E40-B53C-59AF99BCED40}.Debug|Any CPU.ActiveCfg = Debug|Any CPU
		{A1C5218C-E728-4E40-B53C-59AF99BCED40}.Debug|Any CPU.Build.0 = Debug|Any CPU
		{A1C5218C-E728-4E40-B53C-59AF99BCED40}.Release|Any CPU.ActiveCfg = Release|Any CPU
		{A1C5218C-E728-4E40-B53C-59AF99BCED40}.Release|Any CPU.Build.0 = Release|Any CPU
		{D6532716-473F-449B-970D-C746B90C4837}.Debug|Any CPU.ActiveCfg = Debug|Any CPU
		{D6532716-473F-449B-970D-C746B90C4837}.Debug|Any CPU.Build.0 = Debug|Any CPU
		{D6532716-473F-449B-970D-C746B90C4837}.Release|Any CPU.ActiveCfg = Release|Any CPU
		{D6532716-473F-449B-970D-C746B90C4837}.Release|Any CPU.Build.0 = Release|Any CPU
		{2A1C489D-C34B-4090-9F7A-AB7559B726C8}.Debug|Any CPU.ActiveCfg = Debug|Any CPU
		{2A1C489D-C34B-4090-9F7A-AB7559B726C8}.Debug|Any CPU.Build.0 = Debug|Any CPU
		{2A1C489D-C34B-4090-9F7A-AB7559B726C8}.Release|Any CPU.ActiveCfg = Release|Any CPU
		{2A1C489D-C34B-4090-9F7A-AB7559B726C8}.Release|Any CPU.Build.0 = Release|Any CPU
		{182179F1-9476-453F-9079-5C6F782EB06F}.Debug|Any CPU.ActiveCfg = Debug|Any CPU
		{182179F1-9476-453F-9079-5C6F782EB06F}.Debug|Any CPU.Build.0 = Debug|Any CPU
		{182179F1-9476-453F-9079-5C6F782EB06F}.Release|Any CPU.ActiveCfg = Release|Any CPU
		{182179F1-9476-453F-9079-5C6F782EB06F}.Release|Any CPU.Build.0 = Release|Any CPU
		{A69D7507-1F09-4FE4-9807-F6B61ED0C779}.Debug|Any CPU.ActiveCfg = Debug|Any CPU
		{A69D7507-1F09-4FE4-9807-F6B61ED0C779}.Debug|Any CPU.Build.0 = Debug|Any CPU
		{A69D7507-1F09-4FE4-9807-F6B61ED0C779}.Release|Any CPU.ActiveCfg = Release|Any CPU
		{A69D7507-1F09-4FE4-9807-F6B61ED0C779}.Release|Any CPU.Build.0 = Release|Any CPU
	EndGlobalSection
	GlobalSection(SolutionProperties) = preSolution
		HideSolutionNode = FALSE
	EndGlobalSection
	GlobalSection(ExtensibilityGlobals) = postSolution
		SolutionGuid = {08341122-0E75-4105-9481-8EA07FA6664A}
	EndGlobalSection
EndGlobal
